# This file is automatically @generated by Cargo.
# It is not intended for manual editing.
version = 4

[[package]]
name = "bitflags"
version = "2.6.0"
source = "registry+https://github.com/rust-lang/crates.io-index"
checksum = "b048fb63fd8b5923fc5aa7b340d8e156aec7ec02f0c78fa8a6ddc2613f6f71de"

[[package]]
name = "cfg-if"
version = "0.1.2"
source = "registry+https://github.com/rust-lang/crates.io-index"
checksum = "d4c819a1287eb618df47cc647173c5c4c66ba19d888a6e50d605672aed3140de"

[[package]]
name = "cfg-if"
version = "1.0.0"
source = "registry+https://github.com/rust-lang/crates.io-index"
checksum = "baf1de4339761588bc0619e3cbc0120ee582ebb74b53b4efbf79117bd2da40fd"

[[package]]
name = "ipnetwork"
version = "0.20.0"
source = "registry+https://github.com/rust-lang/crates.io-index"
checksum = "bf466541e9d546596ee94f9f69590f89473455f88372423e0008fc1a7daf100e"
dependencies = [
 "serde",
]

[[package]]
name = "libc"
version = "0.2.166"
source = "registry+https://github.com/rust-lang/crates.io-index"
checksum = "c2ccc108bbc0b1331bd061864e7cd823c0cab660bbe6970e66e2c0614decde36"

[[package]]
name = "log"
version = "0.4.4"
source = "registry+https://github.com/rust-lang/crates.io-index"
checksum = "cba860f648db8e6f269df990180c2217f333472b4a6e901e97446858487971e2"
dependencies = [
 "cfg-if 0.1.2",
]

[[package]]
name = "mnl"
version = "0.2.2"
source = "registry+https://github.com/rust-lang/crates.io-index"
checksum = "d1a5469630da93e1813bb257964c0ccee3b26b6879dd858039ddec35cc8681ed"
dependencies = [
 "libc",
 "log",
 "mnl-sys",
]

[[package]]
name = "mnl-sys"
version = "0.2.2"
source = "registry+https://github.com/rust-lang/crates.io-index"
checksum = "a0f3c607af12ed53f3cade8ee7adeced5533800abc0b07f5b6bdc7081d1e0d4c"
dependencies = [
 "libc",
 "pkg-config",
]

[[package]]
name = "nftnl"
version = "0.8.0"
dependencies = [
 "bitflags",
 "ipnetwork",
 "log",
 "mnl",
 "nftnl-sys",
]

[[package]]
name = "nftnl-sys"
version = "0.6.3"
dependencies = [
 "cfg-if 1.0.0",
 "libc",
 "mnl-sys",
 "pkg-config",
]

[[package]]
name = "pkg-config"
version = "0.3.19"
source = "registry+https://github.com/rust-lang/crates.io-index"
checksum = "3831453b3449ceb48b6d9c7ad7c96d5ea673e9b470a1dc578c2ce6521230884c"

[[package]]
name = "serde"
version = "1.0.0"
source = "registry+https://github.com/rust-lang/crates.io-index"
checksum = "369633cfe0f0bde1dfc037fb6c5a329d46586a31f981bed14d87487a3439ae37"
